# This file is generated by renv. It will be created when you run renv::init()
# For now, we'll create a minimal lock file structure
# Users should run: Rscript -e "renv::init(); renv::install(c('BiocManager')); BiocManager::install(c('GEOquery', 'minfi', 'limma', 'pROC', 'FlowSorted.Blood.450k', 'FlowSorted.Blood.EPIC', 'sva')); renv::install('e1071'); renv::snapshot()"
